// !$*UTF8*$!
{
	archiveVersion = 1;
	classes = {
	};
	objectVersion = 56;
	objects = {

/* Begin PBXBuildFile section */
		F5B1CF662C5EFF0400557377 /* NavellerApp.swift in Sources */ = {isa = PBXBuildFile; fileRef = F5B1CF652C5EFF0400557377 /* NavellerApp.swift */; };
		F5B1CF682C5EFF0400557377 /* ContentView.swift in Sources */ = {isa = PBXBuildFile; fileRef = F5B1CF672C5EFF0400557377 /* ContentView.swift */; };
		F5B1CF6A2C5EFF0500557377 /* Assets.xcassets in Resources */ = {isa = PBXBuildFile; fileRef = F5B1CF692C5EFF0500557377 /* Assets.xcassets */; };
		F5B1CF6E2C5EFF0500557377 /* Preview Assets.xcassets in Resources */ = {isa = PBXBuildFile; fileRef = F5B1CF6D2C5EFF0500557377 /* Preview Assets.xcassets */; };
		F5B1CF752C5F04CB00557377 /* HomeView.swift in Sources */ = {isa = PBXBuildFile; fileRef = F5B1CF742C5F04CB00557377 /* HomeView.swift */; };
		F5B1CFA02C5F151F00557377 /* Pin.swift in Sources */ = {isa = PBXBuildFile; fileRef = F5B1CF9F2C5F151F00557377 /* Pin.swift */; };
		F5B1CFA22C5F15E800557377 /* FetchAllPinsUseCase.swift in Sources */ = {isa = PBXBuildFile; fileRef = F5B1CFA12C5F15E800557377 /* FetchAllPinsUseCase.swift */; };
		F5B1CFA42C5F169800557377 /* PinDataRepository.swift in Sources */ = {isa = PBXBuildFile; fileRef = F5B1CFA32C5F169800557377 /* PinDataRepository.swift */; };
		F5B1CFA72C5F174800557377 /* MemoryPinStorage.swift in Sources */ = {isa = PBXBuildFile; fileRef = F5B1CFA62C5F174800557377 /* MemoryPinStorage.swift */; };
		F5B1CFAD2C5F19CC00557377 /* MapPinsView.swift in Sources */ = {isa = PBXBuildFile; fileRef = F5B1CFAC2C5F19CC00557377 /* MapPinsView.swift */; };
		F5B1CFAF2C5F19EC00557377 /* PinsViewModel.swift in Sources */ = {isa = PBXBuildFile; fileRef = F5B1CFAE2C5F19EC00557377 /* PinsViewModel.swift */; };
/* End PBXBuildFile section */

/* Begin PBXFileReference section */
		F5B1CF622C5EFF0400557377 /* Naveller.app */ = {isa = PBXFileReference; explicitFileType = wrapper.application; includeInIndex = 0; path = Naveller.app; sourceTree = BUILT_PRODUCTS_DIR; };
		F5B1CF652C5EFF0400557377 /* NavellerApp.swift */ = {isa = PBXFileReference; lastKnownFileType = sourcecode.swift; path = NavellerApp.swift; sourceTree = "<group>"; };
		F5B1CF672C5EFF0400557377 /* ContentView.swift */ = {isa = PBXFileReference; lastKnownFileType = sourcecode.swift; path = ContentView.swift; sourceTree = "<group>"; };
		F5B1CF692C5EFF0500557377 /* Assets.xcassets */ = {isa = PBXFileReference; lastKnownFileType = folder.assetcatalog; path = Assets.xcassets; sourceTree = "<group>"; };
		F5B1CF6B2C5EFF0500557377 /* Naveller.entitlements */ = {isa = PBXFileReference; lastKnownFileType = text.plist.entitlements; path = Naveller.entitlements; sourceTree = "<group>"; };
		F5B1CF6D2C5EFF0500557377 /* Preview Assets.xcassets */ = {isa = PBXFileReference; lastKnownFileType = folder.assetcatalog; path = "Preview Assets.xcassets"; sourceTree = "<group>"; };
		F5B1CF742C5F04CB00557377 /* HomeView.swift */ = {isa = PBXFileReference; lastKnownFileType = sourcecode.swift; path = HomeView.swift; sourceTree = "<group>"; };
		F5B1CF9F2C5F151F00557377 /* Pin.swift */ = {isa = PBXFileReference; lastKnownFileType = sourcecode.swift; path = Pin.swift; sourceTree = "<group>"; };
		F5B1CFA12C5F15E800557377 /* FetchAllPinsUseCase.swift */ = {isa = PBXFileReference; lastKnownFileType = sourcecode.swift; path = FetchAllPinsUseCase.swift; sourceTree = "<group>"; };
		F5B1CFA32C5F169800557377 /* PinDataRepository.swift */ = {isa = PBXFileReference; lastKnownFileType = sourcecode.swift; path = PinDataRepository.swift; sourceTree = "<group>"; };
		F5B1CFA62C5F174800557377 /* MemoryPinStorage.swift */ = {isa = PBXFileReference; lastKnownFileType = sourcecode.swift; path = MemoryPinStorage.swift; sourceTree = "<group>"; };
		F5B1CFAC2C5F19CC00557377 /* MapPinsView.swift */ = {isa = PBXFileReference; lastKnownFileType = sourcecode.swift; path = MapPinsView.swift; sourceTree = "<group>"; };
		F5B1CFAE2C5F19EC00557377 /* PinsViewModel.swift */ = {isa = PBXFileReference; lastKnownFileType = sourcecode.swift; path = PinsViewModel.swift; sourceTree = "<group>"; };
/* End PBXFileReference section */

/* Begin PBXFrameworksBuildPhase section */
		F5B1CF5F2C5EFF0400557377 /* Frameworks */ = {
			isa = PBXFrameworksBuildPhase;
			buildActionMask = 2147483647;
			files = (
			);
			runOnlyForDeploymentPostprocessing = 0;
		};
/* End PBXFrameworksBuildPhase section */

/* Begin PBXGroup section */
		F5A71F3F2C9252A600C557D5 /* ComputeShortestDistance */ = {
			isa = PBXGroup;
			children = (
			);
			path = ComputeShortestDistance;
			sourceTree = "<group>";
		};
		F5A71F402C9253CB00C557D5 /* MakeCalendarEventFromNote */ = {
			isa = PBXGroup;
			children = (
			);
			path = MakeCalendarEventFromNote;
			sourceTree = "<group>";
		};
		F5B1CF592C5EFF0400557377 = {
			isa = PBXGroup;
			children = (
				F5B1CF642C5EFF0400557377 /* Naveller */,
				F5B1CF912C5F100E00557377 /* Features */,
				F5B1CF962C5F137C00557377 /* Domain */,
				F5B1CF9C2C5F148200557377 /* Frameworks */,
				F5B1CF632C5EFF0400557377 /* Products */,
			);
			sourceTree = "<group>";
		};
		F5B1CF632C5EFF0400557377 /* Products */ = {
			isa = PBXGroup;
			children = (
				F5B1CF622C5EFF0400557377 /* Naveller.app */,
			);
			name = Products;
			sourceTree = "<group>";
		};
		F5B1CF642C5EFF0400557377 /* Naveller */ = {
			isa = PBXGroup;
			children = (
				F5B1CF652C5EFF0400557377 /* NavellerApp.swift */,
				F5B1CF742C5F04CB00557377 /* HomeView.swift */,
				F5B1CF672C5EFF0400557377 /* ContentView.swift */,
				F5B1CF692C5EFF0500557377 /* Assets.xcassets */,
				F5B1CF6B2C5EFF0500557377 /* Naveller.entitlements */,
				F5B1CF6C2C5EFF0500557377 /* Preview Content */,
			);
			path = Naveller;
			sourceTree = "<group>";
		};
		F5B1CF6C2C5EFF0500557377 /* Preview Content */ = {
			isa = PBXGroup;
			children = (
				F5B1CF6D2C5EFF0500557377 /* Preview Assets.xcassets */,
			);
			path = "Preview Content";
			sourceTree = "<group>";
		};
		F5B1CF912C5F100E00557377 /* Features */ = {
			isa = PBXGroup;
			children = (
				F5B1CF932C5F114F00557377 /* ShowPinsOnMap */,
				F5B1CF952C5F130700557377 /* SearchPlaceByName */,
				F5B1CF922C5F10F900557377 /* SearchCompaniesHouse */,
				F5A71F3F2C9252A600C557D5 /* ComputeShortestDistance */,
				F5B1CF942C5F129A00557377 /* ShowDetailsForSelectedPin */,
				F5A71F402C9253CB00C557D5 /* MakeCalendarEventFromNote */,
			);
			path = Features;
			sourceTree = "<group>";
		};
		F5B1CF922C5F10F900557377 /* SearchCompaniesHouse */ = {
			isa = PBXGroup;
			children = (
			);
			path = SearchCompaniesHouse;
			sourceTree = "<group>";
		};
		F5B1CF932C5F114F00557377 /* ShowPinsOnMap */ = {
			isa = PBXGroup;
			children = (
				F5B1CF992C5F141100557377 /* Data */,
				F5B1CF9A2C5F143300557377 /* Presentation */,
			);
			path = ShowPinsOnMap;
			sourceTree = "<group>";
		};
		F5B1CF942C5F129A00557377 /* ShowDetailsForSelectedPin */ = {
			isa = PBXGroup;
			children = (
			);
			path = ShowDetailsForSelectedPin;
			sourceTree = "<group>";
		};
		F5B1CF952C5F130700557377 /* SearchPlaceByName */ = {
			isa = PBXGroup;
			children = (
			);
			path = SearchPlaceByName;
			sourceTree = "<group>";
		};
		F5B1CF962C5F137C00557377 /* Domain */ = {
			isa = PBXGroup;
			children = (
				F5B1CF9B2C5F146300557377 /* ShowPinsOnMap */,
			);
			path = Domain;
			sourceTree = "<group>";
		};
		F5B1CF972C5F138900557377 /* Entities */ = {
			isa = PBXGroup;
			children = (
				F5B1CF9F2C5F151F00557377 /* Pin.swift */,
			);
			path = Entities;
			sourceTree = "<group>";
		};
		F5B1CF982C5F139000557377 /* UseCases */ = {
			isa = PBXGroup;
			children = (
				F5B1CFA12C5F15E800557377 /* FetchAllPinsUseCase.swift */,
			);
			path = UseCases;
			sourceTree = "<group>";
		};
		F5B1CF992C5F141100557377 /* Data */ = {
			isa = PBXGroup;
			children = (
				F5B1CFA32C5F169800557377 /* PinDataRepository.swift */,
			);
			path = Data;
			sourceTree = "<group>";
		};
		F5B1CF9A2C5F143300557377 /* Presentation */ = {
			isa = PBXGroup;
			children = (
				F5B1CFAB2C5F196700557377 /* Model */,
				F5B1CFA92C5F195300557377 /* Views */,
				F5B1CFA82C5F194C00557377 /* ViewModel */,
			);
			path = Presentation;
			sourceTree = "<group>";
		};
		F5B1CF9B2C5F146300557377 /* ShowPinsOnMap */ = {
			isa = PBXGroup;
			children = (
				F5B1CF972C5F138900557377 /* Entities */,
				F5B1CF982C5F139000557377 /* UseCases */,
			);
			path = ShowPinsOnMap;
			sourceTree = "<group>";
		};
		F5B1CF9C2C5F148200557377 /* Frameworks */ = {
			isa = PBXGroup;
			children = (
				F5B1CFA52C5F170E00557377 /* PinStorage */,
				F5B1CF9E2C5F14C100557377 /* CompaniesHouseAPI */,
				F5B1CF9D2C5F14B500557377 /* GoogleMapsAPI */,
			);
			path = Frameworks;
			sourceTree = "<group>";
		};
		F5B1CF9D2C5F14B500557377 /* GoogleMapsAPI */ = {
			isa = PBXGroup;
			children = (
			);
			path = GoogleMapsAPI;
			sourceTree = "<group>";
		};
		F5B1CF9E2C5F14C100557377 /* CompaniesHouseAPI */ = {
			isa = PBXGroup;
			children = (
			);
			path = CompaniesHouseAPI;
			sourceTree = "<group>";
		};
		F5B1CFA52C5F170E00557377 /* PinStorage */ = {
			isa = PBXGroup;
			children = (
				F5B1CFA62C5F174800557377 /* MemoryPinStorage.swift */,
			);
			path = PinStorage;
			sourceTree = "<group>";
		};
		F5B1CFA82C5F194C00557377 /* ViewModel */ = {
			isa = PBXGroup;
			children = (
				F5B1CFAE2C5F19EC00557377 /* PinsViewModel.swift */,
			);
			path = ViewModel;
			sourceTree = "<group>";
		};
		F5B1CFA92C5F195300557377 /* Views */ = {
			isa = PBXGroup;
			children = (
				F5B1CFAC2C5F19CC00557377 /* MapPinsView.swift */,
			);
			path = Views;
			sourceTree = "<group>";
		};
		F5B1CFAB2C5F196700557377 /* Model */ = {
			isa = PBXGroup;
			children = (
			);
			path = Model;
			sourceTree = "<group>";
		};
/* End PBXGroup section */

/* Begin PBXNativeTarget section */
		F5B1CF612C5EFF0400557377 /* Naveller */ = {
			isa = PBXNativeTarget;
			buildConfigurationList = F5B1CF712C5EFF0500557377 /* Build configuration list for PBXNativeTarget "Naveller" */;
			buildPhases = (
				F5B1CF5E2C5EFF0400557377 /* Sources */,
				F5B1CF5F2C5EFF0400557377 /* Frameworks */,
				F5B1CF602C5EFF0400557377 /* Resources */,
			);
			buildRules = (
			);
			dependencies = (
			);
			name = Naveller;
			productName = Naveller;
			productReference = F5B1CF622C5EFF0400557377 /* Naveller.app */;
			productType = "com.apple.product-type.application";
		};
/* End PBXNativeTarget section */

/* Begin PBXProject section */
		F5B1CF5A2C5EFF0400557377 /* Project object */ = {
			isa = PBXProject;
			attributes = {
				BuildIndependentTargetsInParallel = 1;
				LastSwiftUpdateCheck = 1500;
				LastUpgradeCheck = 1500;
				TargetAttributes = {
					F5B1CF612C5EFF0400557377 = {
						CreatedOnToolsVersion = 15.0.1;
					};
				};
			};
			buildConfigurationList = F5B1CF5D2C5EFF0400557377 /* Build configuration list for PBXProject "Naveller" */;
			compatibilityVersion = "Xcode 14.0";
			developmentRegion = en;
			hasScannedForEncodings = 0;
			knownRegions = (
				en,
				Base,
			);
			mainGroup = F5B1CF592C5EFF0400557377;
			productRefGroup = F5B1CF632C5EFF0400557377 /* Products */;
			projectDirPath = "";
			projectRoot = "";
			targets = (
				F5B1CF612C5EFF0400557377 /* Naveller */,
			);
		};
/* End PBXProject section */

/* Begin PBXResourcesBuildPhase section */
		F5B1CF602C5EFF0400557377 /* Resources */ = {
			isa = PBXResourcesBuildPhase;
			buildActionMask = 2147483647;
			files = (
				F5B1CF6E2C5EFF0500557377 /* Preview Assets.xcassets in Resources */,
				F5B1CF6A2C5EFF0500557377 /* Assets.xcassets in Resources */,
			);
			runOnlyForDeploymentPostprocessing = 0;
		};
/* End PBXResourcesBuildPhase section */

/* Begin PBXSourcesBuildPhase section */
		F5B1CF5E2C5EFF0400557377 /* Sources */ = {
			isa = PBXSourcesBuildPhase;
			buildActionMask = 2147483647;
			files = (
				F5B1CF752C5F04CB00557377 /* HomeView.swift in Sources */,
				F5B1CFA42C5F169800557377 /* PinDataRepository.swift in Sources */,
				F5B1CFA72C5F174800557377 /* MemoryPinStorage.swift in Sources */,
				F5B1CFAF2C5F19EC00557377 /* PinsViewModel.swift in Sources */,
				F5B1CFA22C5F15E800557377 /* FetchAllPinsUseCase.swift in Sources */,
				F5B1CF682C5EFF0400557377 /* ContentView.swift in Sources */,
				F5B1CF662C5EFF0400557377 /* NavellerApp.swift in Sources */,
				F5B1CFA02C5F151F00557377 /* Pin.swift in Sources */,
				F5B1CFAD2C5F19CC00557377 /* MapPinsView.swift in Sources */,
			);
			runOnlyForDeploymentPostprocessing = 0;
		};
/* End PBXSourcesBuildPhase section */

/* Begin XCBuildConfiguration section */
		F5B1CF6F2C5EFF0500557377 /* Debug */ = {
			isa = XCBuildConfiguration;
			buildSettings = {
				ALWAYS_SEARCH_USER_PATHS = NO;
				ASSETCATALOG_COMPILER_GENERATE_SWIFT_ASSET_SYMBOL_EXTENSIONS = YES;
				CLANG_ANALYZER_NONNULL = YES;
				CLANG_ANALYZER_NUMBER_OBJECT_CONVERSION = YES_AGGRESSIVE;
				CLANG_CXX_LANGUAGE_STANDARD = "gnu++20";
				CLANG_ENABLE_MODULES = YES;
				CLANG_ENABLE_OBJC_ARC = YES;
				CLANG_ENABLE_OBJC_WEAK = YES;
				CLANG_WARN_BLOCK_CAPTURE_AUTORELEASING = YES;
				CLANG_WARN_BOOL_CONVERSION = YES;
				CLANG_WARN_COMMA = YES;
				CLANG_WARN_CONSTANT_CONVERSION = YES;
				CLANG_WARN_DEPRECATED_OBJC_IMPLEMENTATIONS = YES;
				CLANG_WARN_DIRECT_OBJC_ISA_USAGE = YES_ERROR;
				CLANG_WARN_DOCUMENTATION_COMMENTS = YES;
				CLANG_WARN_EMPTY_BODY = YES;
				CLANG_WARN_ENUM_CONVERSION = YES;
				CLANG_WARN_INFINITE_RECURSION = YES;
				CLANG_WARN_INT_CONVERSION = YES;
				CLANG_WARN_NON_LITERAL_NULL_CONVERSION = YES;
				CLANG_WARN_OBJC_IMPLICIT_RETAIN_SELF = YES;
				CLANG_WARN_OBJC_LITERAL_CONVERSION = YES;
				CLANG_WARN_OBJC_ROOT_CLASS = YES_ERROR;
				CLANG_WARN_QUOTED_INCLUDE_IN_FRAMEWORK_HEADER = YES;
				CLANG_WARN_RANGE_LOOP_ANALYSIS = YES;
				CLANG_WARN_STRICT_PROTOTYPES = YES;
				CLANG_WARN_SUSPICIOUS_MOVE = YES;
				CLANG_WARN_UNGUARDED_AVAILABILITY = YES_AGGRESSIVE;
				CLANG_WARN_UNREACHABLE_CODE = YES;
				CLANG_WARN__DUPLICATE_METHOD_MATCH = YES;
				COPY_PHASE_STRIP = NO;
				DEBUG_INFORMATION_FORMAT = dwarf;
				ENABLE_STRICT_OBJC_MSGSEND = YES;
				ENABLE_TESTABILITY = YES;
				ENABLE_USER_SCRIPT_SANDBOXING = YES;
				GCC_C_LANGUAGE_STANDARD = gnu17;
				GCC_DYNAMIC_NO_PIC = NO;
				GCC_NO_COMMON_BLOCKS = YES;
				GCC_OPTIMIZATION_LEVEL = 0;
				GCC_PREPROCESSOR_DEFINITIONS = (
					"DEBUG=1",
					"$(inherited)",
				);
				GCC_WARN_64_TO_32_BIT_CONVERSION = YES;
				GCC_WARN_ABOUT_RETURN_TYPE = YES_ERROR;
				GCC_WARN_UNDECLARED_SELECTOR = YES;
				GCC_WARN_UNINITIALIZED_AUTOS = YES_AGGRESSIVE;
				GCC_WARN_UNUSED_FUNCTION = YES;
				GCC_WARN_UNUSED_VARIABLE = YES;
				LOCALIZATION_PREFERS_STRING_CATALOGS = YES;
				MTL_ENABLE_DEBUG_INFO = INCLUDE_SOURCE;
				MTL_FAST_MATH = YES;
				ONLY_ACTIVE_ARCH = YES;
				SWIFT_ACTIVE_COMPILATION_CONDITIONS = "DEBUG $(inherited)";
				SWIFT_OPTIMIZATION_LEVEL = "-Onone";
			};
			name = Debug;
		};
		F5B1CF702C5EFF0500557377 /* Release */ = {
			isa = XCBuildConfiguration;
			buildSettings = {
				ALWAYS_SEARCH_USER_PATHS = NO;
				ASSETCATALOG_COMPILER_GENERATE_SWIFT_ASSET_SYMBOL_EXTENSIONS = YES;
				CLANG_ANALYZER_NONNULL = YES;
				CLANG_ANALYZER_NUMBER_OBJECT_CONVERSION = YES_AGGRESSIVE;
				CLANG_CXX_LANGUAGE_STANDARD = "gnu++20";
				CLANG_ENABLE_MODULES = YES;
				CLANG_ENABLE_OBJC_ARC = YES;
				CLANG_ENABLE_OBJC_WEAK = YES;
				CLANG_WARN_BLOCK_CAPTURE_AUTORELEASING = YES;
				CLANG_WARN_BOOL_CONVERSION = YES;
				CLANG_WARN_COMMA = YES;
				CLANG_WARN_CONSTANT_CONVERSION = YES;
				CLANG_WARN_DEPRECATED_OBJC_IMPLEMENTATIONS = YES;
				CLANG_WARN_DIRECT_OBJC_ISA_USAGE = YES_ERROR;
				CLANG_WARN_DOCUMENTATION_COMMENTS = YES;
				CLANG_WARN_EMPTY_BODY = YES;
				CLANG_WARN_ENUM_CONVERSION = YES;
				CLANG_WARN_INFINITE_RECURSION = YES;
				CLANG_WARN_INT_CONVERSION = YES;
				CLANG_WARN_NON_LITERAL_NULL_CONVERSION = YES;
				CLANG_WARN_OBJC_IMPLICIT_RETAIN_SELF = YES;
				CLANG_WARN_OBJC_LITERAL_CONVERSION = YES;
				CLANG_WARN_OBJC_ROOT_CLASS = YES_ERROR;
				CLANG_WARN_QUOTED_INCLUDE_IN_FRAMEWORK_HEADER = YES;
				CLANG_WARN_RANGE_LOOP_ANALYSIS = YES;
				CLANG_WARN_STRICT_PROTOTYPES = YES;
				CLANG_WARN_SUSPICIOUS_MOVE = YES;
				CLANG_WARN_UNGUARDED_AVAILABILITY = YES_AGGRESSIVE;
				CLANG_WARN_UNREACHABLE_CODE = YES;
				CLANG_WARN__DUPLICATE_METHOD_MATCH = YES;
				COPY_PHASE_STRIP = NO;
				DEBUG_INFORMATION_FORMAT = "dwarf-with-dsym";
				ENABLE_NS_ASSERTIONS = NO;
				ENABLE_STRICT_OBJC_MSGSEND = YES;
				ENABLE_USER_SCRIPT_SANDBOXING = YES;
				GCC_C_LANGUAGE_STANDARD = gnu17;
				GCC_NO_COMMON_BLOCKS = YES;
				GCC_WARN_64_TO_32_BIT_CONVERSION = YES;
				GCC_WARN_ABOUT_RETURN_TYPE = YES_ERROR;
				GCC_WARN_UNDECLARED_SELECTOR = YES;
				GCC_WARN_UNINITIALIZED_AUTOS = YES_AGGRESSIVE;
				GCC_WARN_UNUSED_FUNCTION = YES;
				GCC_WARN_UNUSED_VARIABLE = YES;
				LOCALIZATION_PREFERS_STRING_CATALOGS = YES;
				MTL_ENABLE_DEBUG_INFO = NO;
				MTL_FAST_MATH = YES;
				SWIFT_COMPILATION_MODE = wholemodule;
			};
			name = Release;
		};
		F5B1CF722C5EFF0500557377 /* Debug */ = {
			isa = XCBuildConfiguration;
			buildSettings = {
				ASSETCATALOG_COMPILER_APPICON_NAME = AppIcon;
				ASSETCATALOG_COMPILER_GLOBAL_ACCENT_COLOR_NAME = AccentColor;
				CODE_SIGN_ENTITLEMENTS = Naveller/Naveller.entitlements;
				CODE_SIGN_STYLE = Automatic;
				CURRENT_PROJECT_VERSION = 1;
				DEVELOPMENT_ASSET_PATHS = "\"Naveller/Preview Content\"";
				DEVELOPMENT_TEAM = H65WG79BS4;
				ENABLE_HARDENED_RUNTIME = YES;
				ENABLE_PREVIEWS = YES;
				GENERATE_INFOPLIST_FILE = YES;
				"INFOPLIST_KEY_UIApplicationSceneManifest_Generation[sdk=iphoneos*]" = YES;
				"INFOPLIST_KEY_UIApplicationSceneManifest_Generation[sdk=iphonesimulator*]" = YES;
				"INFOPLIST_KEY_UIApplicationSupportsIndirectInputEvents[sdk=iphoneos*]" = YES;
				"INFOPLIST_KEY_UIApplicationSupportsIndirectInputEvents[sdk=iphonesimulator*]" = YES;
				"INFOPLIST_KEY_UILaunchScreen_Generation[sdk=iphoneos*]" = YES;
				"INFOPLIST_KEY_UILaunchScreen_Generation[sdk=iphonesimulator*]" = YES;
				"INFOPLIST_KEY_UIStatusBarStyle[sdk=iphoneos*]" = UIStatusBarStyleDefault;
				"INFOPLIST_KEY_UIStatusBarStyle[sdk=iphonesimulator*]" = UIStatusBarStyleDefault;
				INFOPLIST_KEY_UISupportedInterfaceOrientations_iPad = "UIInterfaceOrientationPortrait UIInterfaceOrientationPortraitUpsideDown UIInterfaceOrientationLandscapeLeft UIInterfaceOrientationLandscapeRight";
				INFOPLIST_KEY_UISupportedInterfaceOrientations_iPhone = "UIInterfaceOrientationPortrait UIInterfaceOrientationLandscapeLeft UIInterfaceOrientationLandscapeRight";
				IPHONEOS_DEPLOYMENT_TARGET = 17.0;
				LD_RUNPATH_SEARCH_PATHS = "@executable_path/Frameworks";
				"LD_RUNPATH_SEARCH_PATHS[sdk=macosx*]" = "@executable_path/../Frameworks";
				MACOSX_DEPLOYMENT_TARGET = 14.0;
				MARKETING_VERSION = 1.0;
				PRODUCT_BUNDLE_IDENTIFIER = com.Naveller;
				PRODUCT_NAME = "$(TARGET_NAME)";
				SDKROOT = auto;
				SUPPORTED_PLATFORMS = "iphoneos iphonesimulator macosx";
				SWIFT_EMIT_LOC_STRINGS = YES;
				SWIFT_VERSION = 5.0;
				TARGETED_DEVICE_FAMILY = "1,2";
			};
			name = Debug;
		};
		F5B1CF732C5EFF0500557377 /* Release */ = {
			isa = XCBuildConfiguration;
			buildSettings = {
				ASSETCATALOG_COMPILER_APPICON_NAME = AppIcon;
				ASSETCATALOG_COMPILER_GLOBAL_ACCENT_COLOR_NAME = AccentColor;
				CODE_SIGN_ENTITLEMENTS = Naveller/Naveller.entitlements;
				CODE_SIGN_STYLE = Automatic;
				CURRENT_PROJECT_VERSION = 1;
				DEVELOPMENT_ASSET_PATHS = "\"Naveller/Preview Content\"";
				DEVELOPMENT_TEAM = H65WG79BS4;
				ENABLE_HARDENED_RUNTIME = YES;
				ENABLE_PREVIEWS = YES;
				GENERATE_INFOPLIST_FILE = YES;
				"INFOPLIST_KEY_UIApplicationSceneManifest_Generation[sdk=iphoneos*]" = YES;
				"INFOPLIST_KEY_UIApplicationSceneManifest_Generation[sdk=iphonesimulator*]" = YES;
				"INFOPLIST_KEY_UIApplicationSupportsIndirectInputEvents[sdk=iphoneos*]" = YES;
				"INFOPLIST_KEY_UIApplicationSupportsIndirectInputEvents[sdk=iphonesimulator*]" = YES;
				"INFOPLIST_KEY_UILaunchScreen_Generation[sdk=iphoneos*]" = YES;
				"INFOPLIST_KEY_UILaunchScreen_Generation[sdk=iphonesimulator*]" = YES;
				"INFOPLIST_KEY_UIStatusBarStyle[sdk=iphoneos*]" = UIStatusBarStyleDefault;
				"INFOPLIST_KEY_UIStatusBarStyle[sdk=iphonesimulator*]" = UIStatusBarStyleDefault;
				INFOPLIST_KEY_UISupportedInterfaceOrientations_iPad = "UIInterfaceOrientationPortrait UIInterfaceOrientationPortraitUpsideDown UIInterfaceOrientationLandscapeLeft UIInterfaceOrientationLandscapeRight";
				INFOPLIST_KEY_UISupportedInterfaceOrientations_iPhone = "UIInterfaceOrientationPortrait UIInterfaceOrientationLandscapeLeft UIInterfaceOrientationLandscapeRight";
				IPHONEOS_DEPLOYMENT_TARGET = 17.0;
				LD_RUNPATH_SEARCH_PATHS = "@executable_path/Frameworks";
				"LD_RUNPATH_SEARCH_PATHS[sdk=macosx*]" = "@executable_path/../Frameworks";
				MACOSX_DEPLOYMENT_TARGET = 14.0;
				MARKETING_VERSION = 1.0;
				PRODUCT_BUNDLE_IDENTIFIER = com.Naveller;
				PRODUCT_NAME = "$(TARGET_NAME)";
				SDKROOT = auto;
				SUPPORTED_PLATFORMS = "iphoneos iphonesimulator macosx";
				SWIFT_EMIT_LOC_STRINGS = YES;
				SWIFT_VERSION = 5.0;
				TARGETED_DEVICE_FAMILY = "1,2";
			};
			name = Release;
		};
/* End XCBuildConfiguration section */

/* Begin XCConfigurationList section */
		F5B1CF5D2C5EFF0400557377 /* Build configuration list for PBXProject "Naveller" */ = {
			isa = XCConfigurationList;
			buildConfigurations = (
				F5B1CF6F2C5EFF0500557377 /* Debug */,
				F5B1CF702C5EFF0500557377 /* Release */,
			);
			defaultConfigurationIsVisible = 0;
			defaultConfigurationName = Release;
		};
		F5B1CF712C5EFF0500557377 /* Build configuration list for PBXNativeTarget "Naveller" */ = {
			isa = XCConfigurationList;
			buildConfigurations = (
				F5B1CF722C5EFF0500557377 /* Debug */,
				F5B1CF732C5EFF0500557377 /* Release */,
			);
			defaultConfigurationIsVisible = 0;
			defaultConfigurationName = Release;
		};
/* End XCConfigurationList section */
	};
	rootObject = F5B1CF5A2C5EFF0400557377 /* Project object */;
}
